
Microsoft Visual Studio Solution File, Format Version 12.00
# Visual Studio Version 17
VisualStudioVersion = 17.0.31903.59
MinimumVisualStudioVersion = 10.0.40219.1
Project("{2150E333-8FDC-42A3-9474-1A3956D46DE8}") = "src", "src", "{827E0CD3-B72D-47B6-A68D-7590B98EB39B}"
EndProject
Project("{2150E333-8FDC-42A3-9474-1A3956D46DE8}") = "services", "services", "{984BB9B3-3FA3-BE33-9484-CAC21695A33C}"
EndProject
Project("{FAE04EC0-301F-11D3-BF4B-00C04F79EFBC}") = "market-simulator", "src\services\market-simulator\market-simulator.csproj", "{F49BC2E6-0977-4F61-A8B6-177987A85300}"
EndProject
Project("{FAE04EC0-301F-11D3-BF4B-00C04F79EFBC}") = "market-processor", "src\services\market-processor\market-processor.csproj", "{BB603EE0-6F53-48F2-953D-D8975CAD49CE}"
EndProject
Project("{FAE04EC0-301F-11D3-BF4B-00C04F79EFBC}") = "quote-service", "src\services\quote-service\quote-service.csproj", "{9316E1AE-396B-4A0A-81F8-990BE5915E7F}"
EndProject
Global
	GlobalSection(SolutionConfigurationPlatforms) = preSolution
		Debug|Any CPU = Debug|Any CPU
		Debug|x64 = Debug|x64
		Debug|x86 = Debug|x86
		Release|Any CPU = Release|Any CPU
		Release|x64 = Release|x64
		Release|x86 = Release|x86
	EndGlobalSection
	GlobalSection(ProjectConfigurationPlatforms) = postSolution
		{F49BC2E6-0977-4F61-A8B6-177987A85300}.Debug|Any CPU.ActiveCfg = Debug|Any CPU
		{F49BC2E6-0977-4F61-A8B6-177987A85300}.Debug|Any CPU.Build.0 = Debug|Any CPU
		{F49BC2E6-0977-4F61-A8B6-177987A85300}.Debug|x64.ActiveCfg = Debug|Any CPU
		{F49BC2E6-0977-4F61-A8B6-177987A85300}.Debug|x64.Build.0 = Debug|Any CPU
		{F49BC2E6-0977-4F61-A8B6-177987A85300}.Debug|x86.ActiveCfg = Debug|Any CPU
		{F49BC2E6-0977-4F61-A8B6-177987A85300}.Debug|x86.Build.0 = Debug|Any CPU
		{F49BC2E6-0977-4F61-A8B6-177987A85300}.Release|Any CPU.ActiveCfg = Release|Any CPU
		{F49BC2E6-0977-4F61-A8B6-177987A85300}.Release|Any CPU.Build.0 = Release|Any CPU
		{F49BC2E6-0977-4F61-A8B6-177987A85300}.Release|x64.ActiveCfg = Release|Any CPU
		{F49BC2E6-0977-4F61-A8B6-177987A85300}.Release|x64.Build.0 = Release|Any CPU
		{F49BC2E6-0977-4F61-A8B6-177987A85300}.Release|x86.ActiveCfg = Release|Any CPU
		{F49BC2E6-0977-4F61-A8B6-177987A85300}.Release|x86.Build.0 = Release|Any CPU
		{BB603EE0-6F53-48F2-953D-D8975CAD49CE}.Debug|Any CPU.ActiveCfg = Debug|Any CPU
		{BB603EE0-6F53-48F2-953D-D8975CAD49CE}.Debug|Any CPU.Build.0 = Debug|Any CPU
		{BB603EE0-6F53-48F2-953D-D8975CAD49CE}.Debug|x64.ActiveCfg = Debug|Any CPU
		{BB603EE0-6F53-48F2-953D-D8975CAD49CE}.Debug|x64.Build.0 = Debug|Any CPU
		{BB603EE0-6F53-48F2-953D-D8975CAD49CE}.Debug|x86.ActiveCfg = Debug|Any CPU
		{BB603EE0-6F53-48F2-953D-D8975CAD49CE}.Debug|x86.Build.0 = Debug|Any CPU
		{BB603EE0-6F53-48F2-953D-D8975CAD49CE}.Release|Any CPU.ActiveCfg = Release|Any CPU
		{BB603EE0-6F53-48F2-953D-D8975CAD49CE}.Release|Any CPU.Build.0 = Release|Any CPU
		{BB603EE0-6F53-48F2-953D-D8975CAD49CE}.Release|x64.ActiveCfg = Release|Any CPU
		{BB603EE0-6F53-48F2-953D-D8975CAD49CE}.Release|x64.Build.0 = Release|Any CPU
		{BB603EE0-6F53-48F2-953D-D8975CAD49CE}.Release|x86.ActiveCfg = Release|Any CPU
		{BB603EE0-6F53-48F2-953D-D8975CAD49CE}.Release|x86.Build.0 = Release|Any CPU
		{9316E1AE-396B-4A0A-81F8-990BE5915E7F}.Debug|Any CPU.ActiveCfg = Debug|Any CPU
		{9316E1AE-396B-4A0A-81F8-990BE5915E7F}.Debug|Any CPU.Build.0 = Debug|Any CPU
		{9316E1AE-396B-4A0A-81F8-990BE5915E7F}.Debug|x64.ActiveCfg = Debug|Any CPU
		{9316E1AE-396B-4A0A-81F8-990BE5915E7F}.Debug|x64.Build.0 = Debug|Any CPU
		{9316E1AE-396B-4A0A-81F8-990BE5915E7F}.Debug|x86.ActiveCfg = Debug|Any CPU
		{9316E1AE-396B-4A0A-81F8-990BE5915E7F}.Debug|x86.Build.0 = Debug|Any CPU
		{9316E1AE-396B-4A0A-81F8-990BE5915E7F}.Release|Any CPU.ActiveCfg = Release|Any CPU
		{9316E1AE-396B-4A0A-81F8-990BE5915E7F}.Release|Any CPU.Build.0 = Release|Any CPU
		{9316E1AE-396B-4A0A-81F8-990BE5915E7F}.Release|x64.ActiveCfg = Release|Any CPU
		{9316E1AE-396B-4A0A-81F8-990BE5915E7F}.Release|x64.Build.0 = Release|Any CPU
		{9316E1AE-396B-4A0A-81F8-990BE5915E7F}.Release|x86.ActiveCfg = Release|Any CPU
		{9316E1AE-396B-4A0A-81F8-990BE5915E7F}.Release|x86.Build.0 = Release|Any CPU
	EndGlobalSection
	GlobalSection(SolutionProperties) = preSolution
		HideSolutionNode = FALSE
	EndGlobalSection
	GlobalSection(NestedProjects) = preSolution
		{984BB9B3-3FA3-BE33-9484-CAC21695A33C} = {827E0CD3-B72D-47B6-A68D-7590B98EB39B}
		{F49BC2E6-0977-4F61-A8B6-177987A85300} = {984BB9B3-3FA3-BE33-9484-CAC21695A33C}
		{BB603EE0-6F53-48F2-953D-D8975CAD49CE} = {984BB9B3-3FA3-BE33-9484-CAC21695A33C}
		{9316E1AE-396B-4A0A-81F8-990BE5915E7F} = {984BB9B3-3FA3-BE33-9484-CAC21695A33C}
	EndGlobalSection
EndGlobal
